{
    "_readme": [
        "This file locks the dependencies of your project to a known state",
        "Read more about it at https://getcomposer.org/doc/01-basic-usage.md#installing-dependencies",
        "This file is @generated automatically"
    ],
    "content-hash": "395bbf7b5ea59d9413582408831fc482",
    "packages": [
        {
            "name": "mk-j/php_xlsxwriter",
            "version": "0.37",
            "source": {
                "type": "git",
                "url": "https://github.com/mk-j/PHP_XLSXWriter.git",
                "reference": "c4ba6023fcd49578062e35ed6af3e205dd50a903"
            },
            "dist": {
                "type": "zip",
                "url": "https://api.github.com/repos/mk-j/PHP_XLSXWriter/zipball/c4ba6023fcd49578062e35ed6af3e205dd50a903",
                "reference": "c4ba6023fcd49578062e35ed6af3e205dd50a903",
                "shasum": ""
            },
            "require": {
                "ext-zip": "*",
                "php": ">=5.2.1"
            },
            "require-dev": {
                "phpunit/phpunit": "4.3.*"
            },
            "type": "project",
            "autoload": {
                "classmap": [
                    "xlsxwriter.class.php"
                ]
            },
            "notification-url": "https://packagist.org/downloads/",
            "license": [
                "MIT"
            ],
            "description": "PHP Library to write XLSX files",
            "homepage": "https://github.com/mk-j/PHP_XLSXWriter",
            "keywords": [
                "excel",
                "library",
                "php",
                "xls",
                "xlsx"
            ],
            "support": {
                "issues": "https://github.com/mk-j/PHP_XLSXWriter/issues",
                "source": "https://github.com/mk-j/PHP_XLSXWriter/tree/0.37"
            },
            "time": "2018-01-11T08:03:56+00:00"
        }
    ],
    "packages-dev": [],
    "aliases": [],
    "minimum-stability": "stable",
    "stability-flags": [],
    "prefer-stable": false,
    "prefer-lowest": false,
    "platform": [],
    "platform-dev": [],
    "plugin-api-version": "2.0.0"
}
